# This file is autogenerated, do not edit; changes may be undone by the next 'dep ensure'.


[[projects]]
  digest = "1:8e3462e616a654d5be5d3d47ffe53b803fd749dec8d16cb74f47f13a2c153682"
  name = "github.com/zserge/lorca"
  packages = ["."]
  pruneopts = "UT"
  revision = "21c1fd663c1968c100e52b60412e2bd344896e1d"
  version = "v0.1.6"

[[projects]]
  branch = "master"
  digest = "1:7427036b6d926b3d1fa0773771820735b35554a98296f1074df440ee30a97296"
  name = "golang.org/x/net"
  packages = ["websocket"]
  pruneopts = "UT"
  revision = "d26f9f9a57f3fab6a695bec0d84433c2c50f8bbf"

[solve-meta]
  analyzer-name = "dep"
  analyzer-version = 1
  input-imports = ["github.com/zserge/lorca"]
  solver-name = "gps-cdcl"
  solver-version = 1
